
Microsoft Visual Studio Solution File, Format Version 12.00
# Visual Studio Version 16
VisualStudioVersion = 16.0.31624.102
MinimumVisualStudioVersion = 10.0.40219.1
Project("{FAE04EC0-301F-11D3-BF4B-00C04F79EFBC}") = "ConsoleApp1", "ConsoleApp1\ConsoleApp1.csproj", "{0270AEDB-ABBD-438B-8071-5FF59D92C1BC}"
EndProject
Global
	GlobalSection(SolutionConfigurationPlatforms) = preSolution
		Debug|Any CPU = Debug|Any CPU
		Release|Any CPU = Release|Any CPU
	EndGlobalSection
	GlobalSection(ProjectConfigurationPlatforms) = postSolution
		{0270AEDB-ABBD-438B-8071-5FF59D92C1BC}.Debug|Any CPU.ActiveCfg = Debug|Any CPU
		{0270AEDB-ABBD-438B-8071-5FF59D92C1BC}.Debug|Any CPU.Build.0 = Debug|Any CPU
		{0270AEDB-ABBD-438B-8071-5FF59D92C1BC}.Release|Any CPU.ActiveCfg = Release|Any CPU
		{0270AEDB-ABBD-438B-8071-5FF59D92C1BC}.Release|Any CPU.Build.0 = Release|Any CPU
	EndGlobalSection
	GlobalSection(SolutionProperties) = preSolution
		HideSolutionNode = FALSE
	EndGlobalSection
	GlobalSection(ExtensibilityGlobals) = postSolution
		SolutionGuid = {D0956548-585B-4221-8423-BBA0E3D788F2}
	EndGlobalSection
EndGlobal
