
Microsoft Visual Studio Solution File, Format Version 12.00
# Visual Studio Version 16
VisualStudioVersion = 16.0.31702.278
MinimumVisualStudioVersion = 10.0.40219.1
Project("{FAE04EC0-301F-11D3-BF4B-00C04F79EFBC}") = "ConsoleApp1", "ConsoleApp1\ConsoleApp1.csproj", "{B1357EB8-4D77-432C-8BAF-0C5E31CBF79F}"
EndProject
Global
	GlobalSection(SolutionConfigurationPlatforms) = preSolution
		Debug|Any CPU = Debug|Any CPU
		Release|Any CPU = Release|Any CPU
	EndGlobalSection
	GlobalSection(ProjectConfigurationPlatforms) = postSolution
		{B1357EB8-4D77-432C-8BAF-0C5E31CBF79F}.Debug|Any CPU.ActiveCfg = Debug|Any CPU
		{B1357EB8-4D77-432C-8BAF-0C5E31CBF79F}.Debug|Any CPU.Build.0 = Debug|Any CPU
		{B1357EB8-4D77-432C-8BAF-0C5E31CBF79F}.Release|Any CPU.ActiveCfg = Release|Any CPU
		{B1357EB8-4D77-432C-8BAF-0C5E31CBF79F}.Release|Any CPU.Build.0 = Release|Any CPU
	EndGlobalSection
	GlobalSection(SolutionProperties) = preSolution
		HideSolutionNode = FALSE
	EndGlobalSection
	GlobalSection(ExtensibilityGlobals) = postSolution
		SolutionGuid = {84F59070-E36F-4C33-8FF4-5FF728EE658D}
	EndGlobalSection
EndGlobal
