
Microsoft Visual Studio Solution File, Format Version 12.00
# Visual Studio Version 16
VisualStudioVersion = 16.0.31624.102
MinimumVisualStudioVersion = 10.0.40219.1
Project("{FAE04EC0-301F-11D3-BF4B-00C04F79EFBC}") = "ElsoOra", "ElsoOra\ElsoOra.csproj", "{207DA308-079D-467F-AE83-D0CB82CEB6EB}"
EndProject
Global
	GlobalSection(SolutionConfigurationPlatforms) = preSolution
		Debug|Any CPU = Debug|Any CPU
		Release|Any CPU = Release|Any CPU
	EndGlobalSection
	GlobalSection(ProjectConfigurationPlatforms) = postSolution
		{207DA308-079D-467F-AE83-D0CB82CEB6EB}.Debug|Any CPU.ActiveCfg = Debug|Any CPU
		{207DA308-079D-467F-AE83-D0CB82CEB6EB}.Debug|Any CPU.Build.0 = Debug|Any CPU
		{207DA308-079D-467F-AE83-D0CB82CEB6EB}.Release|Any CPU.ActiveCfg = Release|Any CPU
		{207DA308-079D-467F-AE83-D0CB82CEB6EB}.Release|Any CPU.Build.0 = Release|Any CPU
	EndGlobalSection
	GlobalSection(SolutionProperties) = preSolution
		HideSolutionNode = FALSE
	EndGlobalSection
	GlobalSection(ExtensibilityGlobals) = postSolution
		SolutionGuid = {BD4BA85E-9020-4ED1-B334-C1660D3B084E}
	EndGlobalSection
EndGlobal
