
Microsoft Visual Studio Solution File, Format Version 12.00
# Visual Studio Version 16
VisualStudioVersion = 16.0.31702.278
MinimumVisualStudioVersion = 10.0.40219.1
Project("{FAE04EC0-301F-11D3-BF4B-00C04F79EFBC}") = "targy", "targy\targy.csproj", "{934A2693-85B5-45CE-8988-4B3D1C123BF4}"
EndProject
Global
	GlobalSection(SolutionConfigurationPlatforms) = preSolution
		Debug|Any CPU = Debug|Any CPU
		Release|Any CPU = Release|Any CPU
	EndGlobalSection
	GlobalSection(ProjectConfigurationPlatforms) = postSolution
		{934A2693-85B5-45CE-8988-4B3D1C123BF4}.Debug|Any CPU.ActiveCfg = Debug|Any CPU
		{934A2693-85B5-45CE-8988-4B3D1C123BF4}.Debug|Any CPU.Build.0 = Debug|Any CPU
		{934A2693-85B5-45CE-8988-4B3D1C123BF4}.Release|Any CPU.ActiveCfg = Release|Any CPU
		{934A2693-85B5-45CE-8988-4B3D1C123BF4}.Release|Any CPU.Build.0 = Release|Any CPU
	EndGlobalSection
	GlobalSection(SolutionProperties) = preSolution
		HideSolutionNode = FALSE
	EndGlobalSection
	GlobalSection(ExtensibilityGlobals) = postSolution
		SolutionGuid = {2C04DAF4-E0E2-4760-8F99-1C3AEDE5AFFF}
	EndGlobalSection
EndGlobal
