
Microsoft Visual Studio Solution File, Format Version 12.00
# Visual Studio Version 16
VisualStudioVersion = 16.0.32901.82
MinimumVisualStudioVersion = 10.0.40219.1
Project("{FAE04EC0-301F-11D3-BF4B-00C04F79EFBC}") = "ConsoleApp1", "ConsoleApp1\ConsoleApp1.csproj", "{A40AFFF4-7040-4043-A4F1-4E6B1C521AD0}"
EndProject
Global
	GlobalSection(SolutionConfigurationPlatforms) = preSolution
		Debug|Any CPU = Debug|Any CPU
		Release|Any CPU = Release|Any CPU
	EndGlobalSection
	GlobalSection(ProjectConfigurationPlatforms) = postSolution
		{A40AFFF4-7040-4043-A4F1-4E6B1C521AD0}.Debug|Any CPU.ActiveCfg = Debug|Any CPU
		{A40AFFF4-7040-4043-A4F1-4E6B1C521AD0}.Debug|Any CPU.Build.0 = Debug|Any CPU
		{A40AFFF4-7040-4043-A4F1-4E6B1C521AD0}.Release|Any CPU.ActiveCfg = Release|Any CPU
		{A40AFFF4-7040-4043-A4F1-4E6B1C521AD0}.Release|Any CPU.Build.0 = Release|Any CPU
	EndGlobalSection
	GlobalSection(SolutionProperties) = preSolution
		HideSolutionNode = FALSE
	EndGlobalSection
	GlobalSection(ExtensibilityGlobals) = postSolution
		SolutionGuid = {7382FC47-EF18-4209-8773-7EB68E3F86B7}
	EndGlobalSection
EndGlobal
